version = 1
revision = 2
requires-python = ">=3.13"

[[package]]
name = "argon2-cffi"
version = "23.1.0"
source = { registry = "https://pypi.org/simple" }
dependencies = [
    { name = "argon2-cffi-bindings" },
]
sdist = { url = "https://files.pythonhosted.org/packages/31/fa/57ec2c6d16ecd2ba0cf15f3c7d1c3c2e7b5fcb83555ff56d7ab10888ec8f/argon2_cffi-23.1.0.tar.gz", hash = "sha256:879c3e79a2729ce768ebb7d36d4609e3a78a4ca2ec3a9f12286ca057e3d0db08", size = 42798, upload_time = "2023-08-15T14:13:12.711Z" }
wheels = [
    { url = "https://files.pythonhosted.org/packages/a4/6a/e8a041599e78b6b3752da48000b14c8d1e8a04ded09c88c714ba047f34f5/argon2_cffi-23.1.0-py3-none-any.whl", hash = "sha256:c670642b78ba29641818ab2e68bd4e6a78ba53b7eff7b4c3815ae16abf91c7ea", size = 15124, upload_time = "2023-08-15T14:13:10.752Z" },
]

[[package]]
name = "argon2-cffi-bindings"
version = "21.2.0"
source = { registry = "https://pypi.org/simple" }
dependencies = [
    { name = "cffi" },
]
sdist = { url = "https://files.pythonhosted.org/packages/b9/e9/184b8ccce6683b0aa2fbb7ba5683ea4b9c5763f1356347f1312c32e3c66e/argon2-cffi-bindings-21.2.0.tar.gz", hash = "sha256:bb89ceffa6c791807d1305ceb77dbfacc5aa499891d2c55661c6459651fc39e3", size = 1779911, upload_time = "2021-12-01T08:52:55.68Z" }
wheels = [
    { url = "https://files.pythonhosted.org/packages/d4/13/838ce2620025e9666aa8f686431f67a29052241692a3dd1ae9d3692a89d3/argon2_cffi_bindings-21.2.0-cp36-abi3-macosx_10_9_x86_64.whl", hash = "sha256:ccb949252cb2ab3a08c02024acb77cfb179492d5701c7cbdbfd776124d4d2367", size = 29658, upload_time = "2021-12-01T09:09:17.016Z" },
    { url = "https://files.pythonhosted.org/packages/b3/02/f7f7bb6b6af6031edb11037639c697b912e1dea2db94d436e681aea2f495/argon2_cffi_bindings-21.2.0-cp36-abi3-manylinux_2_17_aarch64.manylinux2014_aarch64.whl", hash = "sha256:9524464572e12979364b7d600abf96181d3541da11e23ddf565a32e70bd4dc0d", size = 80583, upload_time = "2021-12-01T09:09:19.546Z" },
    { url = "https://files.pythonhosted.org/packages/ec/f7/378254e6dd7ae6f31fe40c8649eea7d4832a42243acaf0f1fff9083b2bed/argon2_cffi_bindings-21.2.0-cp36-abi3-manylinux_2_17_x86_64.manylinux2014_x86_64.whl", hash = "sha256:b746dba803a79238e925d9046a63aa26bf86ab2a2fe74ce6b009a1c3f5c8f2ae", size = 86168, upload_time = "2021-12-01T09:09:21.445Z" },
    { url = "https://files.pythonhosted.org/packages/74/f6/4a34a37a98311ed73bb80efe422fed95f2ac25a4cacc5ae1d7ae6a144505/argon2_cffi_bindings-21.2.0-cp36-abi3-manylinux_2_5_i686.manylinux1_i686.manylinux_2_17_i686.manylinux2014_i686.whl", hash = "sha256:58ed19212051f49a523abb1dbe954337dc82d947fb6e5a0da60f7c8471a8476c", size = 82709, upload_time = "2021-12-01T09:09:18.182Z" },
    { url = "https://files.pythonhosted.org/packages/74/2b/73d767bfdaab25484f7e7901379d5f8793cccbb86c6e0cbc4c1b96f63896/argon2_cffi_bindings-21.2.0-cp36-abi3-musllinux_1_1_aarch64.whl", hash = "sha256:bd46088725ef7f58b5a1ef7ca06647ebaf0eb4baff7d1d0d177c6cc8744abd86", size = 83613, upload_time = "2021-12-01T09:09:22.741Z" },
    { url = "https://files.pythonhosted.org/packages/4f/fd/37f86deef67ff57c76f137a67181949c2d408077e2e3dd70c6c42912c9bf/argon2_cffi_bindings-21.2.0-cp36-abi3-musllinux_1_1_i686.whl", hash = "sha256:8cd69c07dd875537a824deec19f978e0f2078fdda07fd5c42ac29668dda5f40f", size = 84583, upload_time = "2021-12-01T09:09:24.177Z" },
    { url = "https://files.pythonhosted.org/packages/6f/52/5a60085a3dae8fded8327a4f564223029f5f54b0cb0455a31131b5363a01/argon2_cffi_bindings-21.2.0-cp36-abi3-musllinux_1_1_x86_64.whl", hash = "sha256:f1152ac548bd5b8bcecfb0b0371f082037e47128653df2e8ba6e914d384f3c3e", size = 88475, upload_time = "2021-12-01T09:09:26.673Z" },
    { url = "https://files.pythonhosted.org/packages/8b/95/143cd64feb24a15fa4b189a3e1e7efbaeeb00f39a51e99b26fc62fbacabd/argon2_cffi_bindings-21.2.0-cp36-abi3-win32.whl", hash = "sha256:603ca0aba86b1349b147cab91ae970c63118a0f30444d4bc80355937c950c082", size = 27698, upload_time = "2021-12-01T09:09:27.87Z" },
    { url = "https://files.pythonhosted.org/packages/37/2c/e34e47c7dee97ba6f01a6203e0383e15b60fb85d78ac9a15cd066f6fe28b/argon2_cffi_bindings-21.2.0-cp36-abi3-win_amd64.whl", hash = "sha256:b2ef1c30440dbbcba7a5dc3e319408b59676e2e039e2ae11a8775ecf482b192f", size = 30817, upload_time = "2021-12-01T09:09:30.267Z" },
    { url = "https://files.pythonhosted.org/packages/5a/e4/bf8034d25edaa495da3c8a3405627d2e35758e44ff6eaa7948092646fdcc/argon2_cffi_bindings-21.2.0-cp38-abi3-macosx_10_9_universal2.whl", hash = "sha256:e415e3f62c8d124ee16018e491a009937f8cf7ebf5eb430ffc5de21b900dad93", size = 53104, upload_time = "2021-12-01T09:09:31.335Z" },
]

[[package]]
name = "asgiref"
version = "3.8.1"
source = { registry = "https://pypi.org/simple" }
sdist = { url = "https://files.pythonhosted.org/packages/29/38/b3395cc9ad1b56d2ddac9970bc8f4141312dbaec28bc7c218b0dfafd0f42/asgiref-3.8.1.tar.gz", hash = "sha256:c343bd80a0bec947a9860adb4c432ffa7db769836c64238fc34bdc3fec84d590", size = 35186, upload_time = "2024-03-22T14:39:36.863Z" }
wheels = [
    { url = "https://files.pythonhosted.org/packages/39/e3/893e8757be2612e6c266d9bb58ad2e3651524b5b40cf56761e985a28b13e/asgiref-3.8.1-py3-none-any.whl", hash = "sha256:3e1e3ecc849832fe52ccf2cb6686b7a55f82bb1d6aee72a58826471390335e47", size = 23828, upload_time = "2024-03-22T14:39:34.521Z" },
]

[[package]]
name = "auth"
version = "0.1.0"
source = { virtual = "." }
dependencies = [
    { name = "django", extra = ["argon2"] },
    { name = "psycopg", extra = ["binary"] },
    { name = "python-dotenv" },
]

[package.dev-dependencies]
dev = [
    { name = "django-cprofile-middleware" },
    { name = "django-debug-toolbar" },
]

[package.metadata]
requires-dist = [
    { name = "django", extras = ["argon2"], specifier = ">=5.2" },
    { name = "psycopg", extras = ["binary"], specifier = ">=3.2.7" },
    { name = "python-dotenv", specifier = ">=1.1.0" },
]

[package.metadata.requires-dev]
dev = [
    { name = "django-cprofile-middleware", specifier = ">=1.0.5" },
    { name = "django-debug-toolbar", specifier = ">=5.2.0" },
]

[[package]]
name = "cffi"
version = "1.17.1"
source = { registry = "https://pypi.org/simple" }
dependencies = [
    { name = "pycparser" },
]
sdist = { url = "https://files.pythonhosted.org/packages/fc/97/c783634659c2920c3fc70419e3af40972dbaf758daa229a7d6ea6135c90d/cffi-1.17.1.tar.gz", hash = "sha256:1c39c6016c32bc48dd54561950ebd6836e1670f2ae46128f67cf49e789c52824", size = 516621, upload_time = "2024-09-04T20:45:21.852Z" }
wheels = [
    { url = "https://files.pythonhosted.org/packages/8d/f8/dd6c246b148639254dad4d6803eb6a54e8c85c6e11ec9df2cffa87571dbe/cffi-1.17.1-cp313-cp313-macosx_10_13_x86_64.whl", hash = "sha256:f3a2b4222ce6b60e2e8b337bb9596923045681d71e5a082783484d845390938e", size = 182989, upload_time = "2024-09-04T20:44:28.956Z" },
    { url = "https://files.pythonhosted.org/packages/8b/f1/672d303ddf17c24fc83afd712316fda78dc6fce1cd53011b839483e1ecc8/cffi-1.17.1-cp313-cp313-macosx_11_0_arm64.whl", hash = "sha256:0984a4925a435b1da406122d4d7968dd861c1385afe3b45ba82b750f229811e2", size = 178802, upload_time = "2024-09-04T20:44:30.289Z" },
    { url = "https://files.pythonhosted.org/packages/0e/2d/eab2e858a91fdff70533cab61dcff4a1f55ec60425832ddfdc9cd36bc8af/cffi-1.17.1-cp313-cp313-manylinux_2_12_i686.manylinux2010_i686.manylinux_2_17_i686.manylinux2014_i686.whl", hash = "sha256:d01b12eeeb4427d3110de311e1774046ad344f5b1a7403101878976ecd7a10f3", size = 454792, upload_time = "2024-09-04T20:44:32.01Z" },
    { url = "https://files.pythonhosted.org/packages/75/b2/fbaec7c4455c604e29388d55599b99ebcc250a60050610fadde58932b7ee/cffi-1.17.1-cp313-cp313-manylinux_2_17_aarch64.manylinux2014_aarch64.whl", hash = "sha256:706510fe141c86a69c8ddc029c7910003a17353970cff3b904ff0686a5927683", size = 478893, upload_time = "2024-09-04T20:44:33.606Z" },
    { url = "https://files.pythonhosted.org/packages/4f/b7/6e4a2162178bf1935c336d4da8a9352cccab4d3a5d7914065490f08c0690/cffi-1.17.1-cp313-cp313-manylinux_2_17_ppc64le.manylinux2014_ppc64le.whl", hash = "sha256:de55b766c7aa2e2a3092c51e0483d700341182f08e67c63630d5b6f200bb28e5", size = 485810, upload_time = "2024-09-04T20:44:35.191Z" },
    { url = "https://files.pythonhosted.org/packages/c7/8a/1d0e4a9c26e54746dc08c2c6c037889124d4f59dffd853a659fa545f1b40/cffi-1.17.1-cp313-cp313-manylinux_2_17_s390x.manylinux2014_s390x.whl", hash = "sha256:c59d6e989d07460165cc5ad3c61f9fd8f1b4796eacbd81cee78957842b834af4", size = 471200, upload_time = "2024-09-04T20:44:36.743Z" },
    { url = "https://files.pythonhosted.org/packages/26/9f/1aab65a6c0db35f43c4d1b4f580e8df53914310afc10ae0397d29d697af4/cffi-1.17.1-cp313-cp313-manylinux_2_17_x86_64.manylinux2014_x86_64.whl", hash = "sha256:dd398dbc6773384a17fe0d3e7eeb8d1a21c2200473ee6806bb5e6a8e62bb73dd", size = 479447, upload_time = "2024-09-04T20:44:38.492Z" },
    { url = "https://files.pythonhosted.org/packages/5f/e4/fb8b3dd8dc0e98edf1135ff067ae070bb32ef9d509d6cb0f538cd6f7483f/cffi-1.17.1-cp313-cp313-musllinux_1_1_aarch64.whl", hash = "sha256:3edc8d958eb099c634dace3c7e16560ae474aa3803a5df240542b305d14e14ed", size = 484358, upload_time = "2024-09-04T20:44:40.046Z" },
    { url = "https://files.pythonhosted.org/packages/f1/47/d7145bf2dc04684935d57d67dff9d6d795b2ba2796806bb109864be3a151/cffi-1.17.1-cp313-cp313-musllinux_1_1_x86_64.whl", hash = "sha256:72e72408cad3d5419375fc87d289076ee319835bdfa2caad331e377589aebba9", size = 488469, upload_time = "2024-09-04T20:44:41.616Z" },
    { url = "https://files.pythonhosted.org/packages/bf/ee/f94057fa6426481d663b88637a9a10e859e492c73d0384514a17d78ee205/cffi-1.17.1-cp313-cp313-win32.whl", hash = "sha256:e03eab0a8677fa80d646b5ddece1cbeaf556c313dcfac435ba11f107ba117b5d", size = 172475, upload_time = "2024-09-04T20:44:43.733Z" },
    { url = "https://files.pythonhosted.org/packages/7c/fc/6a8cb64e5f0324877d503c854da15d76c1e50eb722e320b15345c4d0c6de/cffi-1.17.1-cp313-cp313-win_amd64.whl", hash = "sha256:f6a16c31041f09ead72d69f583767292f750d24913dadacf5756b966aacb3f1a", size = 182009, upload_time = "2024-09-04T20:44:45.309Z" },
]

[[package]]
name = "django"
version = "5.2"
source = { registry = "https://pypi.org/simple" }
dependencies = [
    { name = "asgiref" },
    { name = "sqlparse" },
    { name = "tzdata", marker = "sys_platform == 'win32'" },
]
sdist = { url = "https://files.pythonhosted.org/packages/4c/1b/c6da718c65228eb3a7ff7ba6a32d8e80fa840ca9057490504e099e4dd1ef/Django-5.2.tar.gz", hash = "sha256:1a47f7a7a3d43ce64570d350e008d2949abe8c7e21737b351b6a1611277c6d89", size = 10824891, upload_time = "2025-04-02T13:08:06.874Z" }
wheels = [
    { url = "https://files.pythonhosted.org/packages/63/e0/6a5b5ea350c5bd63fe94b05e4c146c18facb51229d9dee42aa39f9fc2214/Django-5.2-py3-none-any.whl", hash = "sha256:91ceed4e3a6db5aedced65e3c8f963118ea9ba753fc620831c77074e620e7d83", size = 8301361, upload_time = "2025-04-02T13:08:01.465Z" },
]

[package.optional-dependencies]
argon2 = [
    { name = "argon2-cffi" },
]

[[package]]
name = "django-cprofile-middleware"
version = "1.0.5"
source = { registry = "https://pypi.org/simple" }
sdist = { url = "https://files.pythonhosted.org/packages/1b/b0/00ed4daccce442c73a3513e07ac1896f3d8dbb5c2eece836199e4fa17cb0/django-cprofile-middleware-1.0.5.tar.gz", hash = "sha256:b942185a38f3b582935a55c768f126ce9a6f0cefceee3b5d19e6b307ad129889", size = 4273, upload_time = "2020-02-20T17:53:48.611Z" }

[[package]]
name = "django-debug-toolbar"
version = "5.2.0"
source = { registry = "https://pypi.org/simple" }
dependencies = [
    { name = "django" },
    { name = "sqlparse" },
]
sdist = { url = "https://files.pythonhosted.org/packages/2a/9f/97ba2648f66fa208fc7f19d6895586d08bc5f0ab930a1f41032e60f31a41/django_debug_toolbar-5.2.0.tar.gz", hash = "sha256:9e7f0145e1a1b7d78fcc3b53798686170a5b472d9cf085d88121ff823e900821", size = 297901, upload_time = "2025-04-29T05:23:57.533Z" }
wheels = [
    { url = "https://files.pythonhosted.org/packages/fa/c2/ed3cb815002664349e9e50799b8c00ef15941f4cad797247cadbdeebab02/django_debug_toolbar-5.2.0-py3-none-any.whl", hash = "sha256:15627f4c2836a9099d795e271e38e8cf5204ccd79d5dbcd748f8a6c284dcd195", size = 262834, upload_time = "2025-04-29T05:23:55.472Z" },
]

[[package]]
name = "psycopg"
version = "3.2.7"
source = { registry = "https://pypi.org/simple" }
dependencies = [
    { name = "tzdata", marker = "sys_platform == 'win32'" },
]
sdist = { url = "https://files.pythonhosted.org/packages/fe/16/ca27b38762a630b70243f51eb6a728f903a17cddc4961626fa540577aba6/psycopg-3.2.7.tar.gz", hash = "sha256:9afa609c7ebf139827a38c0bf61be9c024a3ed743f56443de9d38e1efc260bf3", size = 157238, upload_time = "2025-04-30T13:05:22.867Z" }
wheels = [
    { url = "https://files.pythonhosted.org/packages/cb/eb/6e32d259437125a17b0bc2624e06c86149c618501da1dcbc8539b2684f6f/psycopg-3.2.7-py3-none-any.whl", hash = "sha256:d39747d2d5b9658b69fa462ad21d31f1ba4a5722ad1d0cb952552bc0b4125451", size = 200028, upload_time = "2025-04-30T12:59:32.435Z" },
]

[package.optional-dependencies]
binary = [
    { name = "psycopg-binary", marker = "implementation_name != 'pypy'" },
]

[[package]]
name = "psycopg-binary"
version = "3.2.7"
source = { registry = "https://pypi.org/simple" }
wheels = [
    { url = "https://files.pythonhosted.org/packages/3f/c8/590d8ca19e66810f7943a5c325f18bd29be472d2fa1bbee93905623a26fa/psycopg_binary-3.2.7-cp313-cp313-macosx_10_13_x86_64.whl", hash = "sha256:3b280862c623616e0ced03602c98b44f51ab8cdaaad31f6b3523a2a68b2f92a4", size = 3853314, upload_time = "2025-04-30T13:02:37.469Z" },
    { url = "https://files.pythonhosted.org/packages/38/18/af7db2c61d50f86f38ba6d7e5b6aff4d138b9238f5cb9d6c57b49e80eb21/psycopg_binary-3.2.7-cp313-cp313-macosx_11_0_arm64.whl", hash = "sha256:add318f12dc2be4d8a817e70c38cfd23a2af80ff6f871089e63012b62bf96f00", size = 3937308, upload_time = "2025-04-30T13:02:45.584Z" },
    { url = "https://files.pythonhosted.org/packages/c4/a4/d483311c22d4ae7a31dd643926309c480a54252ecb27a8fba654dba1753b/psycopg_binary-3.2.7-cp313-cp313-manylinux_2_17_aarch64.manylinux2014_aarch64.whl", hash = "sha256:03994806e62e795b1b286c60bb5d23e1cc3982b06192e87ec4dff0a0f7c528e2", size = 4500116, upload_time = "2025-04-30T13:02:51.525Z" },
    { url = "https://files.pythonhosted.org/packages/82/03/7047b4247a578fe296510e10c1ebcdf42009f4c022f924f697a6145a1062/psycopg_binary-3.2.7-cp313-cp313-manylinux_2_17_i686.manylinux2014_i686.whl", hash = "sha256:77709be5dc45828ca06d9d87fa7b065720fb87b1aa3e72d44177562f1df50ad2", size = 4312005, upload_time = "2025-04-30T13:02:55.806Z" },
    { url = "https://files.pythonhosted.org/packages/5b/a4/28dec7beddea4a93089dfa4692124a057914f0e6f5164712f9ae7ee97a8b/psycopg_binary-3.2.7-cp313-cp313-manylinux_2_17_ppc64le.manylinux2014_ppc64le.whl", hash = "sha256:64d959a17ac2f1ff87a191786f66ae452791fbe73cee7375f2dafd2696e605a9", size = 4548230, upload_time = "2025-04-30T13:03:00.174Z" },
    { url = "https://files.pythonhosted.org/packages/51/ac/4b7e86fec44c428f27f28d742c13568419cc3d2a2b4dcc1be9b266ee9123/psycopg_binary-3.2.7-cp313-cp313-manylinux_2_17_x86_64.manylinux2014_x86_64.whl", hash = "sha256:239e24fa33c6213320da0aee72d541e4780adb21753fc692337043c235118cf1", size = 4262584, upload_time = "2025-04-30T13:03:05.347Z" },
    { url = "https://files.pythonhosted.org/packages/05/b6/814805218644a0865c529221cc3413adba25b0d80a7db5f3e50e25c539ce/psycopg_binary-3.2.7-cp313-cp313-musllinux_1_2_aarch64.whl", hash = "sha256:d31c0523e0294e008d9031f2f2034a010f043ae8c7af0589d614b0bf6ed6e6aa", size = 3755762, upload_time = "2025-04-30T13:03:10.112Z" },
    { url = "https://files.pythonhosted.org/packages/58/b8/efa94ca4aff949324a52bdf62a9518939375af3048b7d025620d0e385ef8/psycopg_binary-3.2.7-cp313-cp313-musllinux_1_2_i686.whl", hash = "sha256:a15c88f1695c8dc8b90625931fe86909c74f7770bad7312999ee6babb0143dcc", size = 3319679, upload_time = "2025-04-30T13:03:15.068Z" },
    { url = "https://files.pythonhosted.org/packages/0e/3f/dd3a912abaa4ff2816e9a1e90c775f33315278f7d01621e874f5b5e83ada/psycopg_binary-3.2.7-cp313-cp313-musllinux_1_2_ppc64le.whl", hash = "sha256:3c02790afcc6d82d1b9d886d9323f955c5c998693966c4c1e6d0ff9a96276a1e", size = 3409378, upload_time = "2025-04-30T13:03:20.422Z" },
    { url = "https://files.pythonhosted.org/packages/35/44/1ee04f0eae2dd9a75cf519792e95a00d5c7eb91b8ec341e2660fd0b4a033/psycopg_binary-3.2.7-cp313-cp313-musllinux_1_2_x86_64.whl", hash = "sha256:1d2288a7f1d0dec1ccce50b4470751acb563689048752fdbf7a4a804df3a0e0d", size = 3475892, upload_time = "2025-04-30T13:03:25.686Z" },
    { url = "https://files.pythonhosted.org/packages/11/1e/5133e346f0138f13d04e38f4b3976dc92ab4a1d72fc18f1199552c0bde3c/psycopg_binary-3.2.7-cp313-cp313-win_amd64.whl", hash = "sha256:c3781beaffb33fce17d8f137b003ebd930a7148eab2a1f60628e86c3d67884ea", size = 2927499, upload_time = "2025-04-30T13:03:31.398Z" },
]

[[package]]
name = "pycparser"
version = "2.22"
source = { registry = "https://pypi.org/simple" }
sdist = { url = "https://files.pythonhosted.org/packages/1d/b2/31537cf4b1ca988837256c910a668b553fceb8f069bedc4b1c826024b52c/pycparser-2.22.tar.gz", hash = "sha256:491c8be9c040f5390f5bf44a5b07752bd07f56edf992381b05c701439eec10f6", size = 172736, upload_time = "2024-03-30T13:22:22.564Z" }
wheels = [
    { url = "https://files.pythonhosted.org/packages/13/a3/a812df4e2dd5696d1f351d58b8fe16a405b234ad2886a0dab9183fb78109/pycparser-2.22-py3-none-any.whl", hash = "sha256:c3702b6d3dd8c7abc1afa565d7e63d53a1d0bd86cdc24edd75470f4de499cfcc", size = 117552, upload_time = "2024-03-30T13:22:20.476Z" },
]

[[package]]
name = "python-dotenv"
version = "1.1.0"
source = { registry = "https://pypi.org/simple" }
sdist = { url = "https://files.pythonhosted.org/packages/88/2c/7bb1416c5620485aa793f2de31d3df393d3686aa8a8506d11e10e13c5baf/python_dotenv-1.1.0.tar.gz", hash = "sha256:41f90bc6f5f177fb41f53e87666db362025010eb28f60a01c9143bfa33a2b2d5", size = 39920, upload_time = "2025-03-25T10:14:56.835Z" }
wheels = [
    { url = "https://files.pythonhosted.org/packages/1e/18/98a99ad95133c6a6e2005fe89faedf294a748bd5dc803008059409ac9b1e/python_dotenv-1.1.0-py3-none-any.whl", hash = "sha256:d7c01d9e2293916c18baf562d95698754b0dbbb5e74d457c45d4f6561fb9d55d", size = 20256, upload_time = "2025-03-25T10:14:55.034Z" },
]

[[package]]
name = "sqlparse"
version = "0.5.3"
source = { registry = "https://pypi.org/simple" }
sdist = { url = "https://files.pythonhosted.org/packages/e5/40/edede8dd6977b0d3da179a342c198ed100dd2aba4be081861ee5911e4da4/sqlparse-0.5.3.tar.gz", hash = "sha256:09f67787f56a0b16ecdbde1bfc7f5d9c3371ca683cfeaa8e6ff60b4807ec9272", size = 84999, upload_time = "2024-12-10T12:05:30.728Z" }
wheels = [
    { url = "https://files.pythonhosted.org/packages/a9/5c/bfd6bd0bf979426d405cc6e71eceb8701b148b16c21d2dc3c261efc61c7b/sqlparse-0.5.3-py3-none-any.whl", hash = "sha256:cf2196ed3418f3ba5de6af7e82c694a9fbdbfecccdfc72e281548517081f16ca", size = 44415, upload_time = "2024-12-10T12:05:27.824Z" },
]

[[package]]
name = "tzdata"
version = "2025.2"
source = { registry = "https://pypi.org/simple" }
sdist = { url = "https://files.pythonhosted.org/packages/95/32/1a225d6164441be760d75c2c42e2780dc0873fe382da3e98a2e1e48361e5/tzdata-2025.2.tar.gz", hash = "sha256:b60a638fcc0daffadf82fe0f57e53d06bdec2f36c4df66280ae79bce6bd6f2b9", size = 196380, upload_time = "2025-03-23T13:54:43.652Z" }
wheels = [
    { url = "https://files.pythonhosted.org/packages/5c/23/c7abc0ca0a1526a0774eca151daeb8de62ec457e77262b66b359c3c7679e/tzdata-2025.2-py2.py3-none-any.whl", hash = "sha256:1a403fada01ff9221ca8044d701868fa132215d84beb92242d9acd2147f667a8", size = 347839, upload_time = "2025-03-23T13:54:41.845Z" },
]
